
Microsoft Visual Studio Solution File, Format Version 12.00
# Visual Studio Version 16
VisualStudioVersion = 16.0.30804.86
MinimumVisualStudioVersion = 10.0.40219.1
Project("{FAE04EC0-301F-11D3-BF4B-00C04F79EFBC}") = "testactions", "EVLib\testactions.csproj", "{FA902F63-18D8-4922-818F-7790F734A53C}"
EndProject
Project("{FAE04EC0-301F-11D3-BF4B-00C04F79EFBC}") = "EVLib.UnitTests", "EVLib.UnitTests\EVLib.UnitTests.csproj", "{974A1CC3-80F8-4B36-83B4-69A93AEE7003}"
EndProject
Global
	GlobalSection(SolutionConfigurationPlatforms) = preSolution
		Debug|Any CPU = Debug|Any CPU
		Release|Any CPU = Release|Any CPU
	EndGlobalSection
	GlobalSection(ProjectConfigurationPlatforms) = postSolution
		{FA902F63-18D8-4922-818F-7790F734A53C}.Debug|Any CPU.ActiveCfg = Debug|Any CPU
		{FA902F63-18D8-4922-818F-7790F734A53C}.Debug|Any CPU.Build.0 = Debug|Any CPU
		{FA902F63-18D8-4922-818F-7790F734A53C}.Release|Any CPU.ActiveCfg = Release|Any CPU
		{FA902F63-18D8-4922-818F-7790F734A53C}.Release|Any CPU.Build.0 = Release|Any CPU
		{974A1CC3-80F8-4B36-83B4-69A93AEE7003}.Debug|Any CPU.ActiveCfg = Debug|Any CPU
		{974A1CC3-80F8-4B36-83B4-69A93AEE7003}.Debug|Any CPU.Build.0 = Debug|Any CPU
		{974A1CC3-80F8-4B36-83B4-69A93AEE7003}.Release|Any CPU.ActiveCfg = Release|Any CPU
		{974A1CC3-80F8-4B36-83B4-69A93AEE7003}.Release|Any CPU.Build.0 = Release|Any CPU
	EndGlobalSection
	GlobalSection(SolutionProperties) = preSolution
		HideSolutionNode = FALSE
	EndGlobalSection
	GlobalSection(ExtensibilityGlobals) = postSolution
		SolutionGuid = {7C1662E5-A6A9-46AE-8D6B-2EC79A852E4F}
	EndGlobalSection
EndGlobal
